
Microsoft Visual Studio Solution File, Format Version 12.00
# Visual Studio Version 17
VisualStudioVersion = 17.2.32602.215
MinimumVisualStudioVersion = 10.0.40219.1
Project("{9A19103F-16F7-4668-BE54-9A1E7A4F7556}") = "ConsoleApp", "ConsoleApp\ConsoleApp.csproj", "{B72004A2-B061-41AC-BE1B-BAD61819F036}"
EndProject
Project("{2150E333-8FDC-42A3-9474-1A3956D46DE8}") = "Solution Items", "Solution Items", "{E9E017F6-0E15-4C19-8AB3-A3E11AE94EF6}"
	ProjectSection(SolutionItems) = preProject
		TextFile1.txt = TextFile1.txt
	EndProjectSection
EndProject
Project("{FAE04EC0-301F-11D3-BF4B-00C04F79EFBC}") = "ThreadApp", "ThreadApp\ThreadApp.csproj", "{E809B912-8C35-454E-8194-CFDFF4BBFE26}"
EndProject
Global
	GlobalSection(SolutionConfigurationPlatforms) = preSolution
		Debug|Any CPU = Debug|Any CPU
		Release|Any CPU = Release|Any CPU
	EndGlobalSection
	GlobalSection(ProjectConfigurationPlatforms) = postSolution
		{B72004A2-B061-41AC-BE1B-BAD61819F036}.Debug|Any CPU.ActiveCfg = Debug|Any CPU
		{B72004A2-B061-41AC-BE1B-BAD61819F036}.Debug|Any CPU.Build.0 = Debug|Any CPU
		{B72004A2-B061-41AC-BE1B-BAD61819F036}.Release|Any CPU.ActiveCfg = Release|Any CPU
		{B72004A2-B061-41AC-BE1B-BAD61819F036}.Release|Any CPU.Build.0 = Release|Any CPU
		{E809B912-8C35-454E-8194-CFDFF4BBFE26}.Debug|Any CPU.ActiveCfg = Debug|Any CPU
		{E809B912-8C35-454E-8194-CFDFF4BBFE26}.Debug|Any CPU.Build.0 = Debug|Any CPU
		{E809B912-8C35-454E-8194-CFDFF4BBFE26}.Release|Any CPU.ActiveCfg = Release|Any CPU
		{E809B912-8C35-454E-8194-CFDFF4BBFE26}.Release|Any CPU.Build.0 = Release|Any CPU
	EndGlobalSection
	GlobalSection(SolutionProperties) = preSolution
		HideSolutionNode = FALSE
	EndGlobalSection
	GlobalSection(ExtensibilityGlobals) = postSolution
		SolutionGuid = {078FA024-47D4-4D9E-B7FD-81B1C474CE6D}
	EndGlobalSection
EndGlobal
